
Microsoft Visual Studio Solution File, Format Version 12.00
# Visual Studio Version 17
VisualStudioVersion = 17.7.34024.191
MinimumVisualStudioVersion = 10.0.40219.1
Project("{2150E333-8FDC-42A3-9474-1A3956D46DE8}") = "Task0", "Task0", "{5A758704-15B4-4872-A940-E6CC50273A07}"
EndProject
Project("{FAE04EC0-301F-11D3-BF4B-00C04F79EFBC}") = "Tyuiu.SosninFM.Sprint0.Task0.V0", "Tyuiu.SosninFM.Sprint0.Task0.V0\Tyuiu.SosninFM.Sprint0.Task0.V0.csproj", "{C2454B60-735D-4961-A914-0DC62CC15809}"
EndProject
Project("{2150E333-8FDC-42A3-9474-1A3956D46DE8}") = "Task1", "Task1", "{6D306ED5-D71F-4C67-8077-A84432ABDC77}"
EndProject
Project("{FAE04EC0-301F-11D3-BF4B-00C04F79EFBC}") = "Tyuiu.SosninFM.Sprint0.Task1.V0", "Tyuiu.SosninFM.Sprint0.Task1.V0\Tyuiu.SosninFM.Sprint0.Task1.V0.csproj", "{BFBDAE94-FBD4-4B83-8CA6-92E0D11D737B}"
EndProject
Project("{2150E333-8FDC-42A3-9474-1A3956D46DE8}") = "Task2", "Task2", "{9B7298A4-92EB-4848-8FDD-ED3E597FB78D}"
EndProject
Project("{FAE04EC0-301F-11D3-BF4B-00C04F79EFBC}") = "Tyuiu.SosninFM.Sprint0.Task2.V0", "Tyuiu.SosninFM.Sprint0.Task2.V0\Tyuiu.SosninFM.Sprint0.Task2.V0.csproj", "{15BCDBF7-C768-4059-B742-29FCE9895F45}"
EndProject
Project("{FAE04EC0-301F-11D3-BF4B-00C04F79EFBC}") = "Tyuiu.SosninFM.Sprint0.Task2.V0.Lib", "Tyuiu.SosninFM.Sprint0.Task2.V0.Lib\Tyuiu.SosninFM.Sprint0.Task2.V0.Lib.csproj", "{60C8B615-6BFC-4357-9CCA-73E9C1C5B6D5}"
EndProject
Project("{FAE04EC0-301F-11D3-BF4B-00C04F79EFBC}") = "Tyuiu.SosninFM.Sprint0.Task2.V0.Test", "Tyuiu.SosninFM.Sprint0.Task2.V0.Test\Tyuiu.SosninFM.Sprint0.Task2.V0.Test.csproj", "{D267F08C-E892-4229-BD19-5EC0BAF69E6A}"
EndProject
Project("{2150E333-8FDC-42A3-9474-1A3956D46DE8}") = "Task3", "Task3", "{9F11D539-3F32-4CF2-ADB0-D863BDD1FE26}"
EndProject
Project("{FAE04EC0-301F-11D3-BF4B-00C04F79EFBC}") = "Tyuiu.SosninFM.Sprint0.Task3.V0", "Tyuiu.SosninFM.Sprint0.Task3.V0\Tyuiu.SosninFM.Sprint0.Task3.V0.csproj", "{58EAC7FC-118F-4395-A942-E87CDA72B879}"
EndProject
Project("{FAE04EC0-301F-11D3-BF4B-00C04F79EFBC}") = "Tyuiu.SosninFM.Sprint0.Task3.V0.Test", "Tyuiu.SosninFM.Sprint0.Task3.V0.Test\Tyuiu.SosninFM.Sprint0.Task3.V0.Test.csproj", "{CD6449F4-1CA6-41B1-9C41-E125B1910293}"
EndProject
Project("{FAE04EC0-301F-11D3-BF4B-00C04F79EFBC}") = "Tyuiu.SosninFM.Sprint0.Task3.V0.Lib", "Tyuiu.SosninFM.Sprint0.Task3.V0.Lib\Tyuiu.SosninFM.Sprint0.Task3.V0.Lib.csproj", "{B23B7ECE-98A7-4B17-8D9C-1E31357C6F8A}"
EndProject
Project("{2150E333-8FDC-42A3-9474-1A3956D46DE8}") = "Task4", "Task4", "{68AB96B6-9AD5-4E1F-B4EA-FAD1CFD5FFCB}"
EndProject
Project("{FAE04EC0-301F-11D3-BF4B-00C04F79EFBC}") = "Tyuiu.SosninFM.Sprint0.Task4.V0", "Tyuiu.SosninFM.Sprint0.Task4.V0\Tyuiu.SosninFM.Sprint0.Task4.V0.csproj", "{7FF6E2F2-01AE-46BD-8BB5-4C56737D122A}"
EndProject
Project("{FAE04EC0-301F-11D3-BF4B-00C04F79EFBC}") = "Tyuiu.SosninFM.Sprint0.Task4.V0.Lib", "Tyuiu.SosninFM.Sprint0.Task4.V0.Lib\Tyuiu.SosninFM.Sprint0.Task4.V0.Lib.csproj", "{D12C30C6-B04D-4694-913E-B1CFB02948BF}"
EndProject
Project("{FAE04EC0-301F-11D3-BF4B-00C04F79EFBC}") = "Tyuiu.SosninFM.Sprint0.Task4.V0.Test", "Tyuiu.SosninFM.Sprint0.Task4.V0.Test\Tyuiu.SosninFM.Sprint0.Task4.V0.Test.csproj", "{641A695B-AD34-4FE6-A8CA-E05A0397AFD6}"
EndProject
Project("{2150E333-8FDC-42A3-9474-1A3956D46DE8}") = "Task5", "Task5", "{966F3417-27B2-487B-BD88-6432C2BA66AF}"
EndProject
Project("{FAE04EC0-301F-11D3-BF4B-00C04F79EFBC}") = "Tyuiu.SosninFM.Sprint0.Task5.V0", "Tyuiu.SosninFM.Sprint0.Task5.V0\Tyuiu.SosninFM.Sprint0.Task5.V0.csproj", "{15922B84-2976-4490-9C14-EFC34EA06721}"
EndProject
Project("{FAE04EC0-301F-11D3-BF4B-00C04F79EFBC}") = "Tyuiu.SosninFM.Sprint0.Task5.V0.Lib", "Tyuiu.SosninFM.Sprint0.Task5.V0.Lib\Tyuiu.SosninFM.Sprint0.Task5.V0.Lib.csproj", "{99A668CD-E912-4E57-9703-6B9A266D00B5}"
EndProject
Project("{FAE04EC0-301F-11D3-BF4B-00C04F79EFBC}") = "Tyuiu.SosninFM.Sprint0.Task5.V0.Test", "Tyuiu.SosninFM.Sprint0.Task5.V0.Test\Tyuiu.SosninFM.Sprint0.Task5.V0.Test.csproj", "{C8D3A0B0-15B3-441D-A99F-74FA86210AB3}"
EndProject
Project("{2150E333-8FDC-42A3-9474-1A3956D46DE8}") = "Task6", "Task6", "{00C6B237-B7FC-42F9-8816-16A672894132}"
EndProject
Project("{FAE04EC0-301F-11D3-BF4B-00C04F79EFBC}") = "Tyuiu.SosninFM.Sprint0.Task6.V0", "Tyuiu.SosninFM.Sprint0.Task6.V0\Tyuiu.SosninFM.Sprint0.Task6.V0.csproj", "{0BE7CF04-DB38-4433-9D44-56E8E69E790F}"
EndProject
Project("{FAE04EC0-301F-11D3-BF4B-00C04F79EFBC}") = "Tyuiu.SosninFM.Sprint0.Task6.V0.test", "Tyuiu.SosninFM.Sprint0.Task6.V0.test\Tyuiu.SosninFM.Sprint0.Task6.V0.test.csproj", "{9592428C-D5C1-4A9C-A2DE-D4D9C8D3ED7B}"
EndProject
Project("{FAE04EC0-301F-11D3-BF4B-00C04F79EFBC}") = "Tyuiu.SosninFM.Sprint0.Task6.V0.Lib", "Tyuiu.SosninFM.Sprint0.Task6.V0.Lib\Tyuiu.SosninFM.Sprint0.Task6.V0.Lib.csproj", "{851BA1A3-ADBB-42B4-9083-7DE0144B81D1}"
EndProject
Global
	GlobalSection(SolutionConfigurationPlatforms) = preSolution
		Debug|Any CPU = Debug|Any CPU
		Release|Any CPU = Release|Any CPU
	EndGlobalSection
	GlobalSection(ProjectConfigurationPlatforms) = postSolution
		{C2454B60-735D-4961-A914-0DC62CC15809}.Debug|Any CPU.ActiveCfg = Debug|Any CPU
		{C2454B60-735D-4961-A914-0DC62CC15809}.Debug|Any CPU.Build.0 = Debug|Any CPU
		{C2454B60-735D-4961-A914-0DC62CC15809}.Release|Any CPU.ActiveCfg = Release|Any CPU
		{C2454B60-735D-4961-A914-0DC62CC15809}.Release|Any CPU.Build.0 = Release|Any CPU
		{BFBDAE94-FBD4-4B83-8CA6-92E0D11D737B}.Debug|Any CPU.ActiveCfg = Debug|Any CPU
		{BFBDAE94-FBD4-4B83-8CA6-92E0D11D737B}.Debug|Any CPU.Build.0 = Debug|Any CPU
		{BFBDAE94-FBD4-4B83-8CA6-92E0D11D737B}.Release|Any CPU.ActiveCfg = Release|Any CPU
		{BFBDAE94-FBD4-4B83-8CA6-92E0D11D737B}.Release|Any CPU.Build.0 = Release|Any CPU
		{15BCDBF7-C768-4059-B742-29FCE9895F45}.Debug|Any CPU.ActiveCfg = Debug|Any CPU
		{15BCDBF7-C768-4059-B742-29FCE9895F45}.Debug|Any CPU.Build.0 = Debug|Any CPU
		{15BCDBF7-C768-4059-B742-29FCE9895F45}.Release|Any CPU.ActiveCfg = Release|Any CPU
		{15BCDBF7-C768-4059-B742-29FCE9895F45}.Release|Any CPU.Build.0 = Release|Any CPU
		{60C8B615-6BFC-4357-9CCA-73E9C1C5B6D5}.Debug|Any CPU.ActiveCfg = Debug|Any CPU
		{60C8B615-6BFC-4357-9CCA-73E9C1C5B6D5}.Debug|Any CPU.Build.0 = Debug|Any CPU
		{60C8B615-6BFC-4357-9CCA-73E9C1C5B6D5}.Release|Any CPU.ActiveCfg = Release|Any CPU
		{60C8B615-6BFC-4357-9CCA-73E9C1C5B6D5}.Release|Any CPU.Build.0 = Release|Any CPU
		{D267F08C-E892-4229-BD19-5EC0BAF69E6A}.Debug|Any CPU.ActiveCfg = Debug|Any CPU
		{D267F08C-E892-4229-BD19-5EC0BAF69E6A}.Debug|Any CPU.Build.0 = Debug|Any CPU
		{D267F08C-E892-4229-BD19-5EC0BAF69E6A}.Release|Any CPU.ActiveCfg = Release|Any CPU
		{D267F08C-E892-4229-BD19-5EC0BAF69E6A}.Release|Any CPU.Build.0 = Release|Any CPU
		{58EAC7FC-118F-4395-A942-E87CDA72B879}.Debug|Any CPU.ActiveCfg = Debug|Any CPU
		{58EAC7FC-118F-4395-A942-E87CDA72B879}.Debug|Any CPU.Build.0 = Debug|Any CPU
		{58EAC7FC-118F-4395-A942-E87CDA72B879}.Release|Any CPU.ActiveCfg = Release|Any CPU
		{58EAC7FC-118F-4395-A942-E87CDA72B879}.Release|Any CPU.Build.0 = Release|Any CPU
		{CD6449F4-1CA6-41B1-9C41-E125B1910293}.Debug|Any CPU.ActiveCfg = Debug|Any CPU
		{CD6449F4-1CA6-41B1-9C41-E125B1910293}.Debug|Any CPU.Build.0 = Debug|Any CPU
		{CD6449F4-1CA6-41B1-9C41-E125B1910293}.Release|Any CPU.ActiveCfg = Release|Any CPU
		{CD6449F4-1CA6-41B1-9C41-E125B1910293}.Release|Any CPU.Build.0 = Release|Any CPU
		{B23B7ECE-98A7-4B17-8D9C-1E31357C6F8A}.Debug|Any CPU.ActiveCfg = Debug|Any CPU
		{B23B7ECE-98A7-4B17-8D9C-1E31357C6F8A}.Debug|Any CPU.Build.0 = Debug|Any CPU
		{B23B7ECE-98A7-4B17-8D9C-1E31357C6F8A}.Release|Any CPU.ActiveCfg = Release|Any CPU
		{B23B7ECE-98A7-4B17-8D9C-1E31357C6F8A}.Release|Any CPU.Build.0 = Release|Any CPU
		{7FF6E2F2-01AE-46BD-8BB5-4C56737D122A}.Debug|Any CPU.ActiveCfg = Debug|Any CPU
		{7FF6E2F2-01AE-46BD-8BB5-4C56737D122A}.Debug|Any CPU.Build.0 = Debug|Any CPU
		{7FF6E2F2-01AE-46BD-8BB5-4C56737D122A}.Release|Any CPU.ActiveCfg = Release|Any CPU
		{7FF6E2F2-01AE-46BD-8BB5-4C56737D122A}.Release|Any CPU.Build.0 = Release|Any CPU
		{D12C30C6-B04D-4694-913E-B1CFB02948BF}.Debug|Any CPU.ActiveCfg = Debug|Any CPU
		{D12C30C6-B04D-4694-913E-B1CFB02948BF}.Debug|Any CPU.Build.0 = Debug|Any CPU
		{D12C30C6-B04D-4694-913E-B1CFB02948BF}.Release|Any CPU.ActiveCfg = Release|Any CPU
		{D12C30C6-B04D-4694-913E-B1CFB02948BF}.Release|Any CPU.Build.0 = Release|Any CPU
		{641A695B-AD34-4FE6-A8CA-E05A0397AFD6}.Debug|Any CPU.ActiveCfg = Debug|Any CPU
		{641A695B-AD34-4FE6-A8CA-E05A0397AFD6}.Debug|Any CPU.Build.0 = Debug|Any CPU
		{641A695B-AD34-4FE6-A8CA-E05A0397AFD6}.Release|Any CPU.ActiveCfg = Release|Any CPU
		{641A695B-AD34-4FE6-A8CA-E05A0397AFD6}.Release|Any CPU.Build.0 = Release|Any CPU
		{15922B84-2976-4490-9C14-EFC34EA06721}.Debug|Any CPU.ActiveCfg = Debug|Any CPU
		{15922B84-2976-4490-9C14-EFC34EA06721}.Debug|Any CPU.Build.0 = Debug|Any CPU
		{15922B84-2976-4490-9C14-EFC34EA06721}.Release|Any CPU.ActiveCfg = Release|Any CPU
		{15922B84-2976-4490-9C14-EFC34EA06721}.Release|Any CPU.Build.0 = Release|Any CPU
		{99A668CD-E912-4E57-9703-6B9A266D00B5}.Debug|Any CPU.ActiveCfg = Debug|Any CPU
		{99A668CD-E912-4E57-9703-6B9A266D00B5}.Debug|Any CPU.Build.0 = Debug|Any CPU
		{99A668CD-E912-4E57-9703-6B9A266D00B5}.Release|Any CPU.ActiveCfg = Release|Any CPU
		{99A668CD-E912-4E57-9703-6B9A266D00B5}.Release|Any CPU.Build.0 = Release|Any CPU
		{C8D3A0B0-15B3-441D-A99F-74FA86210AB3}.Debug|Any CPU.ActiveCfg = Debug|Any CPU
		{C8D3A0B0-15B3-441D-A99F-74FA86210AB3}.Debug|Any CPU.Build.0 = Debug|Any CPU
		{C8D3A0B0-15B3-441D-A99F-74FA86210AB3}.Release|Any CPU.ActiveCfg = Release|Any CPU
		{C8D3A0B0-15B3-441D-A99F-74FA86210AB3}.Release|Any CPU.Build.0 = Release|Any CPU
		{0BE7CF04-DB38-4433-9D44-56E8E69E790F}.Debug|Any CPU.ActiveCfg = Debug|Any CPU
		{0BE7CF04-DB38-4433-9D44-56E8E69E790F}.Debug|Any CPU.Build.0 = Debug|Any CPU
		{0BE7CF04-DB38-4433-9D44-56E8E69E790F}.Release|Any CPU.ActiveCfg = Release|Any CPU
		{0BE7CF04-DB38-4433-9D44-56E8E69E790F}.Release|Any CPU.Build.0 = Release|Any CPU
		{9592428C-D5C1-4A9C-A2DE-D4D9C8D3ED7B}.Debug|Any CPU.ActiveCfg = Debug|Any CPU
		{9592428C-D5C1-4A9C-A2DE-D4D9C8D3ED7B}.Debug|Any CPU.Build.0 = Debug|Any CPU
		{9592428C-D5C1-4A9C-A2DE-D4D9C8D3ED7B}.Release|Any CPU.ActiveCfg = Release|Any CPU
		{9592428C-D5C1-4A9C-A2DE-D4D9C8D3ED7B}.Release|Any CPU.Build.0 = Release|Any CPU
		{851BA1A3-ADBB-42B4-9083-7DE0144B81D1}.Debug|Any CPU.ActiveCfg = Debug|Any CPU
		{851BA1A3-ADBB-42B4-9083-7DE0144B81D1}.Debug|Any CPU.Build.0 = Debug|Any CPU
		{851BA1A3-ADBB-42B4-9083-7DE0144B81D1}.Release|Any CPU.ActiveCfg = Release|Any CPU
		{851BA1A3-ADBB-42B4-9083-7DE0144B81D1}.Release|Any CPU.Build.0 = Release|Any CPU
	EndGlobalSection
	GlobalSection(SolutionProperties) = preSolution
		HideSolutionNode = FALSE
	EndGlobalSection
	GlobalSection(NestedProjects) = preSolution
		{C2454B60-735D-4961-A914-0DC62CC15809} = {5A758704-15B4-4872-A940-E6CC50273A07}
		{BFBDAE94-FBD4-4B83-8CA6-92E0D11D737B} = {6D306ED5-D71F-4C67-8077-A84432ABDC77}
		{15BCDBF7-C768-4059-B742-29FCE9895F45} = {9B7298A4-92EB-4848-8FDD-ED3E597FB78D}
		{60C8B615-6BFC-4357-9CCA-73E9C1C5B6D5} = {9B7298A4-92EB-4848-8FDD-ED3E597FB78D}
		{D267F08C-E892-4229-BD19-5EC0BAF69E6A} = {9B7298A4-92EB-4848-8FDD-ED3E597FB78D}
		{58EAC7FC-118F-4395-A942-E87CDA72B879} = {9F11D539-3F32-4CF2-ADB0-D863BDD1FE26}
		{CD6449F4-1CA6-41B1-9C41-E125B1910293} = {9F11D539-3F32-4CF2-ADB0-D863BDD1FE26}
		{B23B7ECE-98A7-4B17-8D9C-1E31357C6F8A} = {9F11D539-3F32-4CF2-ADB0-D863BDD1FE26}
		{7FF6E2F2-01AE-46BD-8BB5-4C56737D122A} = {68AB96B6-9AD5-4E1F-B4EA-FAD1CFD5FFCB}
		{D12C30C6-B04D-4694-913E-B1CFB02948BF} = {68AB96B6-9AD5-4E1F-B4EA-FAD1CFD5FFCB}
		{641A695B-AD34-4FE6-A8CA-E05A0397AFD6} = {68AB96B6-9AD5-4E1F-B4EA-FAD1CFD5FFCB}
		{15922B84-2976-4490-9C14-EFC34EA06721} = {966F3417-27B2-487B-BD88-6432C2BA66AF}
		{99A668CD-E912-4E57-9703-6B9A266D00B5} = {966F3417-27B2-487B-BD88-6432C2BA66AF}
		{C8D3A0B0-15B3-441D-A99F-74FA86210AB3} = {966F3417-27B2-487B-BD88-6432C2BA66AF}
		{0BE7CF04-DB38-4433-9D44-56E8E69E790F} = {00C6B237-B7FC-42F9-8816-16A672894132}
		{9592428C-D5C1-4A9C-A2DE-D4D9C8D3ED7B} = {00C6B237-B7FC-42F9-8816-16A672894132}
		{851BA1A3-ADBB-42B4-9083-7DE0144B81D1} = {00C6B237-B7FC-42F9-8816-16A672894132}
	EndGlobalSection
	GlobalSection(ExtensibilityGlobals) = postSolution
		SolutionGuid = {C4C00C78-2668-4236-B85F-15AF6BB9FA9C}
	EndGlobalSection
EndGlobal
